
Microsoft Visual Studio Solution File, Format Version 12.00
# Visual Studio Version 17
VisualStudioVersion = 17.0.32112.339
MinimumVisualStudioVersion = 10.0.40219.1
Project("{2150E333-8FDC-42A3-9474-1A3956D46DE8}") = "src", "src", "{6ABD1627-81D7-4222-A12A-E4D9B36EFAE9}"
EndProject
Project("{2150E333-8FDC-42A3-9474-1A3956D46DE8}") = "corePackages", "corePackages", "{DFAD12D5-0D9B-4A55-9FCB-765A72CCB198}"
EndProject
Project("{2150E333-8FDC-42A3-9474-1A3956D46DE8}") = "rentACar", "rentACar", "{3337E401-4589-4C25-B173-4CE7444A48DB}"
EndProject
Project("{9A19103F-16F7-4668-BE54-9A1E7A4F7556}") = "Domain", "src\rentACar\Domain\Domain.csproj", "{E6E319F3-F0AD-440E-AF12-205509A0941B}"
EndProject
Project("{9A19103F-16F7-4668-BE54-9A1E7A4F7556}") = "Application", "src\rentACar\Application\Application.csproj", "{BB71D383-CCE0-41D9-8B96-BBF6B7F4D275}"
EndProject
Project("{9A19103F-16F7-4668-BE54-9A1E7A4F7556}") = "Persistence", "src\rentACar\Persistence\Persistence.csproj", "{9B2796AF-D2EF-47AD-B9A6-D8B1C5C9A748}"
EndProject
Project("{9A19103F-16F7-4668-BE54-9A1E7A4F7556}") = "WebAPI", "src\rentACar\WebAPI\WebAPI.csproj", "{31EAB633-1E08-4ADD-B1E7-96114E5C39BC}"
EndProject
Project("{9A19103F-16F7-4668-BE54-9A1E7A4F7556}") = "Core.Persistence", "src\corePackages\Core.Persistence\Core.Persistence.csproj", "{582C108C-312A-45B1-B25D-C4AE410D13CB}"
EndProject
Project("{9A19103F-16F7-4668-BE54-9A1E7A4F7556}") = "Core.CrossCuttingConcerns", "src\corePackages\Core.CrossCuttingConcerns\Core.CrossCuttingConcerns.csproj", "{A33B53BF-28B7-4F02-AA69-4424A23A3B85}"
EndProject
Project("{9A19103F-16F7-4668-BE54-9A1E7A4F7556}") = "Core.Application", "src\corePackages\Core.Application\Core.Application.csproj", "{A3AE18D8-2A6E-4A27-94EF-192C6E4586F8}"
EndProject
Project("{9A19103F-16F7-4668-BE54-9A1E7A4F7556}") = "Core.Mailing", "src\corePackages\Core.Mailing\Core.Mailing.csproj", "{C8654CF7-1FEA-4381-A9F4-1FC9327010B8}"
EndProject
Project("{9A19103F-16F7-4668-BE54-9A1E7A4F7556}") = "Core.Security", "src\corePackages\Core.Security\Core.Security.csproj", "{6853AC84-A62C-49EF-B5E9-46DF2B130385}"
EndProject
Project("{FAE04EC0-301F-11D3-BF4B-00C04F79EFBC}") = "Core.ElasticSearch", "src\corePackages\Core.ElasticSearch\Core.ElasticSearch.csproj", "{5763C819-574C-4117-9201-D133F4678A1C}"
EndProject
Global
	GlobalSection(SolutionConfigurationPlatforms) = preSolution
		Debug|Any CPU = Debug|Any CPU
		Release|Any CPU = Release|Any CPU
	EndGlobalSection
	GlobalSection(ProjectConfigurationPlatforms) = postSolution
		{E6E319F3-F0AD-440E-AF12-205509A0941B}.Debug|Any CPU.ActiveCfg = Debug|Any CPU
		{E6E319F3-F0AD-440E-AF12-205509A0941B}.Debug|Any CPU.Build.0 = Debug|Any CPU
		{E6E319F3-F0AD-440E-AF12-205509A0941B}.Release|Any CPU.ActiveCfg = Release|Any CPU
		{E6E319F3-F0AD-440E-AF12-205509A0941B}.Release|Any CPU.Build.0 = Release|Any CPU
		{BB71D383-CCE0-41D9-8B96-BBF6B7F4D275}.Debug|Any CPU.ActiveCfg = Debug|Any CPU
		{BB71D383-CCE0-41D9-8B96-BBF6B7F4D275}.Debug|Any CPU.Build.0 = Debug|Any CPU
		{BB71D383-CCE0-41D9-8B96-BBF6B7F4D275}.Release|Any CPU.ActiveCfg = Release|Any CPU
		{BB71D383-CCE0-41D9-8B96-BBF6B7F4D275}.Release|Any CPU.Build.0 = Release|Any CPU
		{9B2796AF-D2EF-47AD-B9A6-D8B1C5C9A748}.Debug|Any CPU.ActiveCfg = Debug|Any CPU
		{9B2796AF-D2EF-47AD-B9A6-D8B1C5C9A748}.Debug|Any CPU.Build.0 = Debug|Any CPU
		{9B2796AF-D2EF-47AD-B9A6-D8B1C5C9A748}.Release|Any CPU.ActiveCfg = Release|Any CPU
		{9B2796AF-D2EF-47AD-B9A6-D8B1C5C9A748}.Release|Any CPU.Build.0 = Release|Any CPU
		{31EAB633-1E08-4ADD-B1E7-96114E5C39BC}.Debug|Any CPU.ActiveCfg = Debug|Any CPU
		{31EAB633-1E08-4ADD-B1E7-96114E5C39BC}.Debug|Any CPU.Build.0 = Debug|Any CPU
		{31EAB633-1E08-4ADD-B1E7-96114E5C39BC}.Release|Any CPU.ActiveCfg = Release|Any CPU
		{31EAB633-1E08-4ADD-B1E7-96114E5C39BC}.Release|Any CPU.Build.0 = Release|Any CPU
		{582C108C-312A-45B1-B25D-C4AE410D13CB}.Debug|Any CPU.ActiveCfg = Debug|Any CPU
		{582C108C-312A-45B1-B25D-C4AE410D13CB}.Debug|Any CPU.Build.0 = Debug|Any CPU
		{582C108C-312A-45B1-B25D-C4AE410D13CB}.Release|Any CPU.ActiveCfg = Release|Any CPU
		{582C108C-312A-45B1-B25D-C4AE410D13CB}.Release|Any CPU.Build.0 = Release|Any CPU
		{A33B53BF-28B7-4F02-AA69-4424A23A3B85}.Debug|Any CPU.ActiveCfg = Debug|Any CPU
		{A33B53BF-28B7-4F02-AA69-4424A23A3B85}.Debug|Any CPU.Build.0 = Debug|Any CPU
		{A33B53BF-28B7-4F02-AA69-4424A23A3B85}.Release|Any CPU.ActiveCfg = Release|Any CPU
		{A33B53BF-28B7-4F02-AA69-4424A23A3B85}.Release|Any CPU.Build.0 = Release|Any CPU
		{A3AE18D8-2A6E-4A27-94EF-192C6E4586F8}.Debug|Any CPU.ActiveCfg = Debug|Any CPU
		{A3AE18D8-2A6E-4A27-94EF-192C6E4586F8}.Debug|Any CPU.Build.0 = Debug|Any CPU
		{A3AE18D8-2A6E-4A27-94EF-192C6E4586F8}.Release|Any CPU.ActiveCfg = Release|Any CPU
		{A3AE18D8-2A6E-4A27-94EF-192C6E4586F8}.Release|Any CPU.Build.0 = Release|Any CPU
		{C8654CF7-1FEA-4381-A9F4-1FC9327010B8}.Debug|Any CPU.ActiveCfg = Debug|Any CPU
		{C8654CF7-1FEA-4381-A9F4-1FC9327010B8}.Debug|Any CPU.Build.0 = Debug|Any CPU
		{C8654CF7-1FEA-4381-A9F4-1FC9327010B8}.Release|Any CPU.ActiveCfg = Release|Any CPU
		{C8654CF7-1FEA-4381-A9F4-1FC9327010B8}.Release|Any CPU.Build.0 = Release|Any CPU
		{6853AC84-A62C-49EF-B5E9-46DF2B130385}.Debug|Any CPU.ActiveCfg = Debug|Any CPU
		{6853AC84-A62C-49EF-B5E9-46DF2B130385}.Debug|Any CPU.Build.0 = Debug|Any CPU
		{6853AC84-A62C-49EF-B5E9-46DF2B130385}.Release|Any CPU.ActiveCfg = Release|Any CPU
		{6853AC84-A62C-49EF-B5E9-46DF2B130385}.Release|Any CPU.Build.0 = Release|Any CPU
		{5763C819-574C-4117-9201-D133F4678A1C}.Debug|Any CPU.ActiveCfg = Debug|Any CPU
		{5763C819-574C-4117-9201-D133F4678A1C}.Debug|Any CPU.Build.0 = Debug|Any CPU
		{5763C819-574C-4117-9201-D133F4678A1C}.Release|Any CPU.ActiveCfg = Release|Any CPU
		{5763C819-574C-4117-9201-D133F4678A1C}.Release|Any CPU.Build.0 = Release|Any CPU
	EndGlobalSection
	GlobalSection(SolutionProperties) = preSolution
		HideSolutionNode = FALSE
	EndGlobalSection
	GlobalSection(NestedProjects) = preSolution
		{DFAD12D5-0D9B-4A55-9FCB-765A72CCB198} = {6ABD1627-81D7-4222-A12A-E4D9B36EFAE9}
		{3337E401-4589-4C25-B173-4CE7444A48DB} = {6ABD1627-81D7-4222-A12A-E4D9B36EFAE9}
		{E6E319F3-F0AD-440E-AF12-205509A0941B} = {3337E401-4589-4C25-B173-4CE7444A48DB}
		{BB71D383-CCE0-41D9-8B96-BBF6B7F4D275} = {3337E401-4589-4C25-B173-4CE7444A48DB}
		{9B2796AF-D2EF-47AD-B9A6-D8B1C5C9A748} = {3337E401-4589-4C25-B173-4CE7444A48DB}
		{31EAB633-1E08-4ADD-B1E7-96114E5C39BC} = {3337E401-4589-4C25-B173-4CE7444A48DB}
		{582C108C-312A-45B1-B25D-C4AE410D13CB} = {DFAD12D5-0D9B-4A55-9FCB-765A72CCB198}
		{A33B53BF-28B7-4F02-AA69-4424A23A3B85} = {DFAD12D5-0D9B-4A55-9FCB-765A72CCB198}
		{A3AE18D8-2A6E-4A27-94EF-192C6E4586F8} = {DFAD12D5-0D9B-4A55-9FCB-765A72CCB198}
		{C8654CF7-1FEA-4381-A9F4-1FC9327010B8} = {DFAD12D5-0D9B-4A55-9FCB-765A72CCB198}
		{6853AC84-A62C-49EF-B5E9-46DF2B130385} = {DFAD12D5-0D9B-4A55-9FCB-765A72CCB198}
		{5763C819-574C-4117-9201-D133F4678A1C} = {DFAD12D5-0D9B-4A55-9FCB-765A72CCB198}
	EndGlobalSection
	GlobalSection(ExtensibilityGlobals) = postSolution
		SolutionGuid = {1486945F-6121-4EE8-AD5F-2A98D757ECE1}
	EndGlobalSection
EndGlobal
